
Microsoft Visual Studio Solution File, Format Version 12.00
# Visual Studio Version 17
VisualStudioVersion = 17.2.32616.157
MinimumVisualStudioVersion = 10.0.40219.1
Project("{2150E333-8FDC-42A3-9474-1A3956D46DE8}") = "src", "src", "{ADBE17FB-2CA1-4717-BC96-11A7986CBC64}"
EndProject
Project("{2150E333-8FDC-42A3-9474-1A3956D46DE8}") = "tests", "tests", "{44EE90AE-393E-4AC9-867B-8574F73994F7}"
EndProject
Project("{9A19103F-16F7-4668-BE54-9A1E7A4F7556}") = "Domain", "Domain\Domain.csproj", "{A7E99EFD-3AC6-4E5D-8C6F-CB3CCA57148D}"
EndProject
Project("{9A19103F-16F7-4668-BE54-9A1E7A4F7556}") = "Domain.Tests", "Domain.Tests\Domain.Tests.csproj", "{28306B4A-600E-42A4-ADF5-0672E61CE82A}"
EndProject
Project("{9A19103F-16F7-4668-BE54-9A1E7A4F7556}") = "API", "API\API.csproj", "{D8DDCB03-13B3-4A72-9EC9-8A4EB421C131}"
EndProject
Project("{2150E333-8FDC-42A3-9474-1A3956D46DE8}") = "Core", "Core", "{72FE07E6-EAE7-44F5-AB3A-D309793C95D8}"
EndProject
Project("{2150E333-8FDC-42A3-9474-1A3956D46DE8}") = "Adapter", "Adapter", "{DF68312E-C541-4AE5-8283-9ED89F02240C}"
EndProject
Project("{2150E333-8FDC-42A3-9474-1A3956D46DE8}") = "Driver", "Driver", "{DFDDA97C-E810-4ECB-B685-A8D0B43FD74B}"
EndProject
Project("{2150E333-8FDC-42A3-9474-1A3956D46DE8}") = "Driven", "Driven", "{9B8D94B7-5883-495F-B5E1-A6A50A0B6166}"
EndProject
Project("{FAE04EC0-301F-11D3-BF4B-00C04F79EFBC}") = "Application", "Application\Application.csproj", "{2EF48C28-7CF4-4BD2-BEAF-60ABEAA54410}"
EndProject
Project("{FAE04EC0-301F-11D3-BF4B-00C04F79EFBC}") = "Infra", "Infra\Infra.csproj", "{26FEC109-59A3-478A-B57C-E555C692F82A}"
EndProject
Global
	GlobalSection(SolutionConfigurationPlatforms) = preSolution
		Debug|Any CPU = Debug|Any CPU
		Release|Any CPU = Release|Any CPU
	EndGlobalSection
	GlobalSection(ProjectConfigurationPlatforms) = postSolution
		{A7E99EFD-3AC6-4E5D-8C6F-CB3CCA57148D}.Debug|Any CPU.ActiveCfg = Debug|Any CPU
		{A7E99EFD-3AC6-4E5D-8C6F-CB3CCA57148D}.Debug|Any CPU.Build.0 = Debug|Any CPU
		{A7E99EFD-3AC6-4E5D-8C6F-CB3CCA57148D}.Release|Any CPU.ActiveCfg = Release|Any CPU
		{A7E99EFD-3AC6-4E5D-8C6F-CB3CCA57148D}.Release|Any CPU.Build.0 = Release|Any CPU
		{28306B4A-600E-42A4-ADF5-0672E61CE82A}.Debug|Any CPU.ActiveCfg = Debug|Any CPU
		{28306B4A-600E-42A4-ADF5-0672E61CE82A}.Debug|Any CPU.Build.0 = Debug|Any CPU
		{28306B4A-600E-42A4-ADF5-0672E61CE82A}.Release|Any CPU.ActiveCfg = Release|Any CPU
		{28306B4A-600E-42A4-ADF5-0672E61CE82A}.Release|Any CPU.Build.0 = Release|Any CPU
		{D8DDCB03-13B3-4A72-9EC9-8A4EB421C131}.Debug|Any CPU.ActiveCfg = Debug|Any CPU
		{D8DDCB03-13B3-4A72-9EC9-8A4EB421C131}.Debug|Any CPU.Build.0 = Debug|Any CPU
		{D8DDCB03-13B3-4A72-9EC9-8A4EB421C131}.Release|Any CPU.ActiveCfg = Release|Any CPU
		{D8DDCB03-13B3-4A72-9EC9-8A4EB421C131}.Release|Any CPU.Build.0 = Release|Any CPU
		{2EF48C28-7CF4-4BD2-BEAF-60ABEAA54410}.Debug|Any CPU.ActiveCfg = Debug|Any CPU
		{2EF48C28-7CF4-4BD2-BEAF-60ABEAA54410}.Debug|Any CPU.Build.0 = Debug|Any CPU
		{2EF48C28-7CF4-4BD2-BEAF-60ABEAA54410}.Release|Any CPU.ActiveCfg = Release|Any CPU
		{2EF48C28-7CF4-4BD2-BEAF-60ABEAA54410}.Release|Any CPU.Build.0 = Release|Any CPU
		{26FEC109-59A3-478A-B57C-E555C692F82A}.Debug|Any CPU.ActiveCfg = Debug|Any CPU
		{26FEC109-59A3-478A-B57C-E555C692F82A}.Debug|Any CPU.Build.0 = Debug|Any CPU
		{26FEC109-59A3-478A-B57C-E555C692F82A}.Release|Any CPU.ActiveCfg = Release|Any CPU
		{26FEC109-59A3-478A-B57C-E555C692F82A}.Release|Any CPU.Build.0 = Release|Any CPU
	EndGlobalSection
	GlobalSection(SolutionProperties) = preSolution
		HideSolutionNode = FALSE
	EndGlobalSection
	GlobalSection(NestedProjects) = preSolution
		{A7E99EFD-3AC6-4E5D-8C6F-CB3CCA57148D} = {72FE07E6-EAE7-44F5-AB3A-D309793C95D8}
		{28306B4A-600E-42A4-ADF5-0672E61CE82A} = {44EE90AE-393E-4AC9-867B-8574F73994F7}
		{D8DDCB03-13B3-4A72-9EC9-8A4EB421C131} = {DFDDA97C-E810-4ECB-B685-A8D0B43FD74B}
		{72FE07E6-EAE7-44F5-AB3A-D309793C95D8} = {ADBE17FB-2CA1-4717-BC96-11A7986CBC64}
		{DF68312E-C541-4AE5-8283-9ED89F02240C} = {ADBE17FB-2CA1-4717-BC96-11A7986CBC64}
		{DFDDA97C-E810-4ECB-B685-A8D0B43FD74B} = {DF68312E-C541-4AE5-8283-9ED89F02240C}
		{9B8D94B7-5883-495F-B5E1-A6A50A0B6166} = {DF68312E-C541-4AE5-8283-9ED89F02240C}
		{2EF48C28-7CF4-4BD2-BEAF-60ABEAA54410} = {72FE07E6-EAE7-44F5-AB3A-D309793C95D8}
		{26FEC109-59A3-478A-B57C-E555C692F82A} = {9B8D94B7-5883-495F-B5E1-A6A50A0B6166}
	EndGlobalSection
	GlobalSection(ExtensibilityGlobals) = postSolution
		SolutionGuid = {076D3A36-48DB-4E83-B4F2-AF1A7078618E}
	EndGlobalSection
EndGlobal
